
Microsoft Visual Studio Solution File, Format Version 12.00
# Visual Studio Version 16
VisualStudioVersion = 16.0.29409.12
MinimumVisualStudioVersion = 10.0.40219.1
Project("{2150E333-8FDC-42A3-9474-1A3956D46DE8}") = "01 - Unit tests", "01 - Unit tests", "{C41C7F88-3BFE-4871-99B1-301A983834E1}"
EndProject
Project("{9A19103F-16F7-4668-BE54-9A1E7A4F7556}") = "Feature", "Feature\Feature.csproj", "{CD25AAF0-36AB-4CEB-910A-2D3416BBF88A}"
EndProject
Project("{FAE04EC0-301F-11D3-BF4B-00C04F79EFBC}") = "Feature.Tests", "Feature.Tests\Feature.Tests.csproj", "{5156091B-7566-446D-8552-C8AB666A46CE}"
EndProject
Global
	GlobalSection(SolutionConfigurationPlatforms) = preSolution
		Debug|Any CPU = Debug|Any CPU
		Release|Any CPU = Release|Any CPU
	EndGlobalSection
	GlobalSection(ProjectConfigurationPlatforms) = postSolution
		{CD25AAF0-36AB-4CEB-910A-2D3416BBF88A}.Debug|Any CPU.ActiveCfg = Debug|Any CPU
		{CD25AAF0-36AB-4CEB-910A-2D3416BBF88A}.Debug|Any CPU.Build.0 = Debug|Any CPU
		{CD25AAF0-36AB-4CEB-910A-2D3416BBF88A}.Release|Any CPU.ActiveCfg = Release|Any CPU
		{CD25AAF0-36AB-4CEB-910A-2D3416BBF88A}.Release|Any CPU.Build.0 = Release|Any CPU
		{5156091B-7566-446D-8552-C8AB666A46CE}.Debug|Any CPU.ActiveCfg = Debug|Any CPU
		{5156091B-7566-446D-8552-C8AB666A46CE}.Debug|Any CPU.Build.0 = Debug|Any CPU
		{5156091B-7566-446D-8552-C8AB666A46CE}.Release|Any CPU.ActiveCfg = Release|Any CPU
		{5156091B-7566-446D-8552-C8AB666A46CE}.Release|Any CPU.Build.0 = Release|Any CPU
	EndGlobalSection
	GlobalSection(SolutionProperties) = preSolution
		HideSolutionNode = FALSE
	EndGlobalSection
	GlobalSection(NestedProjects) = preSolution
		{CD25AAF0-36AB-4CEB-910A-2D3416BBF88A} = {C41C7F88-3BFE-4871-99B1-301A983834E1}
		{5156091B-7566-446D-8552-C8AB666A46CE} = {C41C7F88-3BFE-4871-99B1-301A983834E1}
	EndGlobalSection
	GlobalSection(ExtensibilityGlobals) = postSolution
		SolutionGuid = {C7EC383C-031B-48C2-8628-F2F75B639C5D}
	EndGlobalSection
EndGlobal
